// !$*UTF8*$!
{
	archiveVersion = 1;
	classes = {
	};
	objectVersion = 46;
	objects = {

/* Begin PBXBuildFile section */
		0F85EBDE15D4A44D000B4B89 /* UIKit.framework in Frameworks */ = {isa = PBXBuildFile; fileRef = 0F85EBDD15D4A44D000B4B89 /* UIKit.framework */; };
		0F85EBE015D4A44D000B4B89 /* Foundation.framework in Frameworks */ = {isa = PBXBuildFile; fileRef = 0F85EBDF15D4A44D000B4B89 /* Foundation.framework */; };
		0F85EBE215D4A44D000B4B89 /* CoreGraphics.framework in Frameworks */ = {isa = PBXBuildFile; fileRef = 0F85EBE115D4A44D000B4B89 /* CoreGraphics.framework */; };
		0F85EBE815D4A44D000B4B89 /* InfoPlist.strings in Resources */ = {isa = PBXBuildFile; fileRef = 0F85EBE615D4A44D000B4B89 /* InfoPlist.strings */; };
		0F85EBEA15D4A44D000B4B89 /* main.m in Sources */ = {isa = PBXBuildFile; fileRef = 0F85EBE915D4A44D000B4B89 /* main.m */; };
		0F85EBEE15D4A44D000B4B89 /* AppDelegate.m in Sources */ = {isa = PBXBuildFile; fileRef = 0F85EBED15D4A44D000B4B89 /* AppDelegate.m */; };
		0F85EBF615D4A557000B4B89 /* MyViewController.m in Sources */ = {isa = PBXBuildFile; fileRef = 0F85EBF515D4A557000B4B89 /* MyViewController.m */; };
/* End PBXBuildFile section */

/* Begin PBXFileReference section */
		0F85EBD915D4A44D000B4B89 /* UI-1.app */ = {isa = PBXFileReference; explicitFileType = wrapper.application; includeInIndex = 0; path = "UI-1.app"; sourceTree = BUILT_PRODUCTS_DIR; };
		0F85EBDD15D4A44D000B4B89 /* UIKit.framework */ = {isa = PBXFileReference; lastKnownFileType = wrapper.framework; name = UIKit.framework; path = System/Library/Frameworks/UIKit.framework; sourceTree = SDKROOT; };
		0F85EBDF15D4A44D000B4B89 /* Foundation.framework */ = {isa = PBXFileReference; lastKnownFileType = wrapper.framework; name = Foundation.framework; path = System/Library/Frameworks/Foundation.framework; sourceTree = SDKROOT; };
		0F85EBE115D4A44D000B4B89 /* CoreGraphics.framework */ = {isa = PBXFileReference; lastKnownFileType = wrapper.framework; name = CoreGraphics.framework; path = System/Library/Frameworks/CoreGraphics.framework; sourceTree = SDKROOT; };
		0F85EBE515D4A44D000B4B89 /* UI-1-Info.plist */ = {isa = PBXFileReference; lastKnownFileType = text.plist.xml; path = "UI-1-Info.plist"; sourceTree = "<group>"; };
		0F85EBE715D4A44D000B4B89 /* en */ = {isa = PBXFileReference; lastKnownFileType = text.plist.strings; name = en; path = en.lproj/InfoPlist.strings; sourceTree = "<group>"; };
		0F85EBE915D4A44D000B4B89 /* main.m */ = {isa = PBXFileReference; lastKnownFileType = sourcecode.c.objc; path = main.m; sourceTree = "<group>"; };
		0F85EBEB15D4A44D000B4B89 /* UI-1-Prefix.pch */ = {isa = PBXFileReference; lastKnownFileType = sourcecode.c.h; path = "UI-1-Prefix.pch"; sourceTree = "<group>"; };
		0F85EBEC15D4A44D000B4B89 /* AppDelegate.h */ = {isa = PBXFileReference; lastKnownFileType = sourcecode.c.h; path = AppDelegate.h; sourceTree = "<group>"; };
		0F85EBED15D4A44D000B4B89 /* AppDelegate.m */ = {isa = PBXFileReference; lastKnownFileType = sourcecode.c.objc; path = AppDelegate.m; sourceTree = "<group>"; };
		0F85EBF415D4A557000B4B89 /* MyViewController.h */ = {isa = PBXFileReference; fileEncoding = 4; lastKnownFileType = sourcecode.c.h; path = MyViewController.h; sourceTree = "<group>"; };
		0F85EBF515D4A557000B4B89 /* MyViewController.m */ = {isa = PBXFileReference; fileEncoding = 4; lastKnownFileType = sourcecode.c.objc; path = MyViewController.m; sourceTree = "<group>"; };
/* End PBXFileReference section */

/* Begin PBXFrameworksBuildPhase section */
		0F85EBD615D4A44D000B4B89 /* Frameworks */ = {
			isa = PBXFrameworksBuildPhase;
			buildActionMask = 2147483647;
			files = (
				0F85EBDE15D4A44D000B4B89 /* UIKit.framework in Frameworks */,
				0F85EBE015D4A44D000B4B89 /* Foundation.framework in Frameworks */,
				0F85EBE215D4A44D000B4B89 /* CoreGraphics.framework in Frameworks */,
			);
			runOnlyForDeploymentPostprocessing = 0;
		};
/* End PBXFrameworksBuildPhase section */

/* Begin PBXGroup section */
		0F85EBCE15D4A44D000B4B89 = {
			isa = PBXGroup;
			children = (
				0F85EBE315D4A44D000B4B89 /* UI-1 */,
				0F85EBDC15D4A44D000B4B89 /* Frameworks */,
				0F85EBDA15D4A44D000B4B89 /* Products */,
			);
			sourceTree = "<group>";
		};
		0F85EBDA15D4A44D000B4B89 /* Products */ = {
			isa = PBXGroup;
			children = (
				0F85EBD915D4A44D000B4B89 /* UI-1.app */,
			);
			name = Products;
			sourceTree = "<group>";
		};
		0F85EBDC15D4A44D000B4B89 /* Frameworks */ = {
			isa = PBXGroup;
			children = (
				0F85EBDD15D4A44D000B4B89 /* UIKit.framework */,
				0F85EBDF15D4A44D000B4B89 /* Foundation.framework */,
				0F85EBE115D4A44D000B4B89 /* CoreGraphics.framework */,
			);
			name = Frameworks;
			sourceTree = "<group>";
		};
		0F85EBE315D4A44D000B4B89 /* UI-1 */ = {
			isa = PBXGroup;
			children = (
				0F85EBEC15D4A44D000B4B89 /* AppDelegate.h */,
				0F85EBED15D4A44D000B4B89 /* AppDelegate.m */,
				0F85EBE415D4A44D000B4B89 /* Supporting Files */,
				0F85EBF415D4A557000B4B89 /* MyViewController.h */,
				0F85EBF515D4A557000B4B89 /* MyViewController.m */,
			);
			path = "UI-1";
			sourceTree = "<group>";
		};
		0F85EBE415D4A44D000B4B89 /* Supporting Files */ = {
			isa = PBXGroup;
			children = (
				0F85EBE515D4A44D000B4B89 /* UI-1-Info.plist */,
				0F85EBE615D4A44D000B4B89 /* InfoPlist.strings */,
				0F85EBE915D4A44D000B4B89 /* main.m */,
				0F85EBEB15D4A44D000B4B89 /* UI-1-Prefix.pch */,
			);
			name = "Supporting Files";
			sourceTree = "<group>";
		};
/* End PBXGroup section */

/* Begin PBXNativeTarget section */
		0F85EBD815D4A44D000B4B89 /* UI-1 */ = {
			isa = PBXNativeTarget;
			buildConfigurationList = 0F85EBF115D4A44E000B4B89 /* Build configuration list for PBXNativeTarget "UI-1" */;
			buildPhases = (
				0F85EBD515D4A44D000B4B89 /* Sources */,
				0F85EBD615D4A44D000B4B89 /* Frameworks */,
				0F85EBD715D4A44D000B4B89 /* Resources */,
			);
			buildRules = (
			);
			dependencies = (
			);
			name = "UI-1";
			productName = "UI-1";
			productReference = 0F85EBD915D4A44D000B4B89 /* UI-1.app */;
			productType = "com.apple.product-type.application";
		};
/* End PBXNativeTarget section */

/* Begin PBXProject section */
		0F85EBD015D4A44D000B4B89 /* Project object */ = {
			isa = PBXProject;
			attributes = {
				LastUpgradeCheck = 0420;
			};
			buildConfigurationList = 0F85EBD315D4A44D000B4B89 /* Build configuration list for PBXProject "UI-1" */;
			compatibilityVersion = "Xcode 3.2";
			developmentRegion = English;
			hasScannedForEncodings = 0;
			knownRegions = (
				en,
			);
			mainGroup = 0F85EBCE15D4A44D000B4B89;
			productRefGroup = 0F85EBDA15D4A44D000B4B89 /* Products */;
			projectDirPath = "";
			projectRoot = "";
			targets = (
				0F85EBD815D4A44D000B4B89 /* UI-1 */,
			);
		};
/* End PBXProject section */

/* Begin PBXResourcesBuildPhase section */
		0F85EBD715D4A44D000B4B89 /* Resources */ = {
			isa = PBXResourcesBuildPhase;
			buildActionMask = 2147483647;
			files = (
				0F85EBE815D4A44D000B4B89 /* InfoPlist.strings in Resources */,
			);
			runOnlyForDeploymentPostprocessing = 0;
		};
/* End PBXResourcesBuildPhase section */

/* Begin PBXSourcesBuildPhase section */
		0F85EBD515D4A44D000B4B89 /* Sources */ = {
			isa = PBXSourcesBuildPhase;
			buildActionMask = 2147483647;
			files = (
				0F85EBEA15D4A44D000B4B89 /* main.m in Sources */,
				0F85EBEE15D4A44D000B4B89 /* AppDelegate.m in Sources */,
				0F85EBF615D4A557000B4B89 /* MyViewController.m in Sources */,
			);
			runOnlyForDeploymentPostprocessing = 0;
		};
/* End PBXSourcesBuildPhase section */

/* Begin PBXVariantGroup section */
		0F85EBE615D4A44D000B4B89 /* InfoPlist.strings */ = {
			isa = PBXVariantGroup;
			children = (
				0F85EBE715D4A44D000B4B89 /* en */,
			);
			name = InfoPlist.strings;
			sourceTree = "<group>";
		};
/* End PBXVariantGroup section */

/* Begin XCBuildConfiguration section */
		0F85EBEF15D4A44D000B4B89 /* Debug */ = {
			isa = XCBuildConfiguration;
			buildSettings = {
				ALWAYS_SEARCH_USER_PATHS = NO;
				ARCHS = "$(ARCHS_STANDARD_32_BIT)";
				"CODE_SIGN_IDENTITY[sdk=iphoneos*]" = "iPhone Developer";
				COPY_PHASE_STRIP = NO;
				GCC_C_LANGUAGE_STANDARD = gnu99;
				GCC_DYNAMIC_NO_PIC = NO;
				GCC_OPTIMIZATION_LEVEL = 0;
				GCC_PREPROCESSOR_DEFINITIONS = (
					"DEBUG=1",
					"$(inherited)",
				);
				GCC_SYMBOLS_PRIVATE_EXTERN = NO;
				GCC_VERSION = com.apple.compilers.llvm.clang.1_0;
				GCC_WARN_ABOUT_MISSING_PROTOTYPES = YES;
				GCC_WARN_ABOUT_RETURN_TYPE = YES;
				GCC_WARN_UNUSED_VARIABLE = YES;
				IPHONEOS_DEPLOYMENT_TARGET = 5.0;
				SDKROOT = iphoneos;
			};
			name = Debug;
		};
		0F85EBF015D4A44E000B4B89 /* Release */ = {
			isa = XCBuildConfiguration;
			buildSettings = {
				ALWAYS_SEARCH_USER_PATHS = NO;
				ARCHS = "$(ARCHS_STANDARD_32_BIT)";
				"CODE_SIGN_IDENTITY[sdk=iphoneos*]" = "iPhone Developer";
				COPY_PHASE_STRIP = YES;
				GCC_C_LANGUAGE_STANDARD = gnu99;
				GCC_VERSION = com.apple.compilers.llvm.clang.1_0;
				GCC_WARN_ABOUT_MISSING_PROTOTYPES = YES;
				GCC_WARN_ABOUT_RETURN_TYPE = YES;
				GCC_WARN_UNUSED_VARIABLE = YES;
				IPHONEOS_DEPLOYMENT_TARGET = 5.0;
				OTHER_CFLAGS = "-DNS_BLOCK_ASSERTIONS=1";
				SDKROOT = iphoneos;
				VALIDATE_PRODUCT = YES;
			};
			name = Release;
		};
		0F85EBF215D4A44E000B4B89 /* Debug */ = {
			isa = XCBuildConfiguration;
			buildSettings = {
				GCC_PRECOMPILE_PREFIX_HEADER = YES;
				GCC_PREFIX_HEADER = "UI-1/UI-1-Prefix.pch";
				INFOPLIST_FILE = "UI-1/UI-1-Info.plist";
				PRODUCT_NAME = "$(TARGET_NAME)";
				WRAPPER_EXTENSION = app;
			};
			name = Debug;
		};
		0F85EBF315D4A44E000B4B89 /* Release */ = {
			isa = XCBuildConfiguration;
			buildSettings = {
				GCC_PRECOMPILE_PREFIX_HEADER = YES;
				GCC_PREFIX_HEADER = "UI-1/UI-1-Prefix.pch";
				INFOPLIST_FILE = "UI-1/UI-1-Info.plist";
				PRODUCT_NAME = "$(TARGET_NAME)";
				WRAPPER_EXTENSION = app;
			};
			name = Release;
		};
/* End XCBuildConfiguration section */

/* Begin XCConfigurationList section */
		0F85EBD315D4A44D000B4B89 /* Build configuration list for PBXProject "UI-1" */ = {
			isa = XCConfigurationList;
			buildConfigurations = (
				0F85EBEF15D4A44D000B4B89 /* Debug */,
				0F85EBF015D4A44E000B4B89 /* Release */,
			);
			defaultConfigurationIsVisible = 0;
			defaultConfigurationName = Release;
		};
		0F85EBF115D4A44E000B4B89 /* Build configuration list for PBXNativeTarget "UI-1" */ = {
			isa = XCConfigurationList;
			buildConfigurations = (
				0F85EBF215D4A44E000B4B89 /* Debug */,
				0F85EBF315D4A44E000B4B89 /* Release */,
			);
			defaultConfigurationIsVisible = 0;
		};
/* End XCConfigurationList section */
	};
	rootObject = 0F85EBD015D4A44D000B4B89 /* Project object */;
}
